<Solution>
    <Project Path="src/HVO.SkyMonitor.CameraAgent/HVO.SkyMonitor.CameraAgent.csproj" />
    <Project Path="src/HVO.SkyMonitor.CameraAgent.Common/HVO.SkyMonitor.CameraAgent.Common.csproj" />
    <Project Path="src/HVO.SkyMonitor.AgentCore/HVO.SkyMonitor.AgentCore.csproj" />
    <Project Path="src/HVO.SkyMonitor.Astronomy/HVO.SkyMonitor.Astronomy.csproj" />
    <Project Path="src/HVO.SkyMonitor.Catalog.Sqlite/HVO.SkyMonitor.Catalog.Sqlite.csproj" />
    <Project Path="src/HVO.SkyMonitor.Imaging/HVO.SkyMonitor.Imaging.csproj" />
    <Project Path="src/HVO.SkyMonitor.Fleet.Contracts/HVO.SkyMonitor.Fleet.Contracts.csproj" />
    <Project Path="src/HVO.SkyMonitor.Processing/HVO.SkyMonitor.Processing.csproj" />
    <Project Path="src/HVO.SkyMonitor.Common/HVO.SkyMonitor.Common.csproj" />
    <Project Path="src/HVO.SkyMonitor.LogicHost/HVO.SkyMonitor.LogicHost.csproj" />
        <Project Path="src/HVO.SkyMonitor.TestSupport/HVO.SkyMonitor.TestSupport.csproj" />
    <Folder Name="/Tests/">
        <Project Path="tests/HVO.SkyMonitor.CameraAgent.Tests/HVO.SkyMonitor.CameraAgent.Tests.csproj" />
        <Project Path="tests/HVO.SkyMonitor.Tests/HVO.SkyMonitor.Tests.csproj" />
        <Project Path="tests/HVO.SkyMonitor.IntegrationTests/HVO.SkyMonitor.IntegrationTests.csproj" />
        <Project Path="tests/HVO.SkyMonitor.CameraAgent.IntegrationTests/HVO.SkyMonitor.CameraAgent.IntegrationTests.csproj" />
        <Project Path="tests/HVO.SkyMonitor.Astronomy.Tests/HVO.SkyMonitor.Astronomy.Tests.csproj" />
        <Project Path="tests/HVO.SkyMonitor.Catalog.Sqlite.Tests/HVO.SkyMonitor.Catalog.Sqlite.Tests.csproj" />
        <Project Path="tests/HVO.SkyMonitor.Catalog.Sqlite.PerformanceTests/HVO.SkyMonitor.Catalog.Sqlite.PerformanceTests.csproj" />
        <Project Path="tests/HVO.SkyMonitor.Imaging.Tests/HVO.SkyMonitor.Imaging.Tests.csproj" />
        <Project Path="tests/HVO.SkyMonitor.Processing.Tests/HVO.SkyMonitor.Processing.Tests.csproj" />
    </Folder>
</Solution>
