<Solution>
    <Project Path="src/HVO.SkyMonitor.CameraAgent/HVO.SkyMonitor.CameraAgent.csproj" />
    <Project Path="src/HVO.SkyMonitor.CameraAgent.Common/HVO.SkyMonitor.CameraAgent.Common.csproj" />
    <Project Path="src/HVO.SkyMonitor.AgentCore/HVO.SkyMonitor.AgentCore.csproj" />
    <Project Path="src/HVO.SkyMonitor.Common/HVO.SkyMonitor.Common.csproj" />
    <Project Path="src/HVO.SkyMonitor.LogicHost/HVO.SkyMonitor.LogicHost.csproj" />
    <Project Path="src/HVO.Common/HVO.Common.csproj" />
        <Project Path="src/HVO.SkyMonitor.TestSupport/HVO.SkyMonitor.TestSupport.csproj" />
    <Folder Name="/Tests/">
        <Project Path="tests/HVO.Common.Tests/HVO.Common.Tests.csproj" />
        <Project Path="tests/HVO.SkyMonitor.CameraAgent.Tests/HVO.SkyMonitor.CameraAgent.Tests.csproj" />
        <Project Path="tests/HVO.SkyMonitor.IntegrationTests/HVO.SkyMonitor.IntegrationTests.csproj" />
        <Project Path="tests/HVO.SkyMonitor.CameraAgent.IntegrationTests/HVO.SkyMonitor.CameraAgent.IntegrationTests.csproj" />
    </Folder>
</Solution>
